
Microsoft Visual Studio Solution File, Format Version 12.00
# Visual Studio Version 17
VisualStudioVersion = 17.5.33414.496
MinimumVisualStudioVersion = 10.0.40219.1
Project("{9A19103F-16F7-4668-BE54-9A1E7A4F7556}") = "AAP", "AAP.csproj", "{026D2A52-56BC-442C-B8FD-2C6F2B886EC2}"
EndProject
Global
	GlobalSection(SolutionConfigurationPlatforms) = preSolution
		Debug|Any CPU = Debug|Any CPU
		Release|Any CPU = Release|Any CPU
		WPF Debug|Any CPU = WPF Debug|Any CPU
		WPF Release|Any CPU = WPF Release|Any CPU
	EndGlobalSection
	GlobalSection(ProjectConfigurationPlatforms) = postSolution
		{026D2A52-56BC-442C-B8FD-2C6F2B886EC2}.Debug|Any CPU.ActiveCfg = Debug|Any CPU
		{026D2A52-56BC-442C-B8FD-2C6F2B886EC2}.Debug|Any CPU.Build.0 = Debug|Any CPU
		{026D2A52-56BC-442C-B8FD-2C6F2B886EC2}.Release|Any CPU.ActiveCfg = Release|Any CPU
		{026D2A52-56BC-442C-B8FD-2C6F2B886EC2}.Release|Any CPU.Build.0 = Release|Any CPU
		{026D2A52-56BC-442C-B8FD-2C6F2B886EC2}.WPF Debug|Any CPU.ActiveCfg = WPF Debug|Any CPU
		{026D2A52-56BC-442C-B8FD-2C6F2B886EC2}.WPF Debug|Any CPU.Build.0 = WPF Debug|Any CPU
		{026D2A52-56BC-442C-B8FD-2C6F2B886EC2}.WPF Release|Any CPU.ActiveCfg = WPF Release|Any CPU
		{026D2A52-56BC-442C-B8FD-2C6F2B886EC2}.WPF Release|Any CPU.Build.0 = WPF Release|Any CPU
	EndGlobalSection
	GlobalSection(SolutionProperties) = preSolution
		HideSolutionNode = FALSE
	EndGlobalSection
	GlobalSection(ExtensibilityGlobals) = postSolution
		SolutionGuid = {483C695B-AD8E-43BD-9A0B-21CC5ECDEFF4}
	EndGlobalSection
EndGlobal
